// !$*UTF8*$!
{
	archiveVersion = 1;
	classes = {
	};
	objectVersion = 50;
	objects = {

/* Begin PBXBuildFile section */
		87333AB62CBD32C200215D74 /* AppDelegate.swift in Sources */ = {isa = PBXBuildFile; fileRef = 87333AB52CBD32C200215D74 /* AppDelegate.swift */; };
		87333AB82CBD32C200215D74 /* SceneDelegate.swift in Sources */ = {isa = PBXBuildFile; fileRef = 87333AB72CBD32C200215D74 /* SceneDelegate.swift */; };
		87333ABA2CBD32C200215D74 /* ViewController.swift in Sources */ = {isa = PBXBuildFile; fileRef = 87333AB92CBD32C200215D74 /* ViewController.swift */; };
		87333ABD2CBD32C200215D74 /* Main.storyboard in Resources */ = {isa = PBXBuildFile; fileRef = 87333ABB2CBD32C200215D74 /* Main.storyboard */; };
		87333ABF2CBD32E400215D74 /* Assets.xcassets in Resources */ = {isa = PBXBuildFile; fileRef = 87333ABE2CBD32E400215D74 /* Assets.xcassets */; };
		87333AC22CBD32E400215D74 /* LaunchScreen.storyboard in Resources */ = {isa = PBXBuildFile; fileRef = 87333AC02CBD32E400215D74 /* LaunchScreen.storyboard */; };
		87333AD12CBD35F800215D74 /* Комментарии.swift in Sources */ = {isa = PBXBuildFile; fileRef = 87333AD02CBD35F800215D74 /* Комментарии.swift */; };
		87333ADA2CBD4D1900215D74 /* NothingFoundCell.xib in Resources */ = {isa = PBXBuildFile; fileRef = 87333AD92CBD4D1900215D74 /* NothingFoundCell.xib */; };
		87333ADF2CBD510900215D74 /* RadioStation.swift in Sources */ = {isa = PBXBuildFile; fileRef = 87333ADE2CBD510900215D74 /* RadioStation.swift */; };
		87333AE42CBD52DD00215D74 /* UIImageView+Download.swift in Sources */ = {isa = PBXBuildFile; fileRef = 87333AE32CBD52DD00215D74 /* UIImageView+Download.swift */; };
		87333AE82CBD641C00215D74 /* StationTableViewCell.swift in Sources */ = {isa = PBXBuildFile; fileRef = 87333AE72CBD641C00215D74 /* StationTableViewCell.swift */; };
		8755BCB62CC27F2D0022C1E6 /* DataManager.swift in Sources */ = {isa = PBXBuildFile; fileRef = 8755BCB52CC27F2D0022C1E6 /* DataManager.swift */; };
/* End PBXBuildFile section */

/* Begin PBXFileReference section */
		87333AB22CBD32C200215D74 /* LoadingDataIntoATableFromYourOwnSite.app */ = {isa = PBXFileReference; explicitFileType = wrapper.application; includeInIndex = 0; path = LoadingDataIntoATableFromYourOwnSite.app; sourceTree = BUILT_PRODUCTS_DIR; };
		87333AB52CBD32C200215D74 /* AppDelegate.swift */ = {isa = PBXFileReference; lastKnownFileType = sourcecode.swift; path = AppDelegate.swift; sourceTree = "<group>"; };
		87333AB72CBD32C200215D74 /* SceneDelegate.swift */ = {isa = PBXFileReference; lastKnownFileType = sourcecode.swift; path = SceneDelegate.swift; sourceTree = "<group>"; };
		87333AB92CBD32C200215D74 /* ViewController.swift */ = {isa = PBXFileReference; lastKnownFileType = sourcecode.swift; path = ViewController.swift; sourceTree = "<group>"; };
		87333ABC2CBD32C200215D74 /* Base */ = {isa = PBXFileReference; lastKnownFileType = file.storyboard; name = Base; path = Base.lproj/Main.storyboard; sourceTree = "<group>"; };
		87333ABE2CBD32E400215D74 /* Assets.xcassets */ = {isa = PBXFileReference; lastKnownFileType = folder.assetcatalog; path = Assets.xcassets; sourceTree = "<group>"; };
		87333AC12CBD32E400215D74 /* Base */ = {isa = PBXFileReference; lastKnownFileType = file.storyboard; name = Base; path = Base.lproj/LaunchScreen.storyboard; sourceTree = "<group>"; };
		87333AC32CBD32E400215D74 /* Info.plist */ = {isa = PBXFileReference; lastKnownFileType = text.plist.xml; path = Info.plist; sourceTree = "<group>"; };
		87333AD02CBD35F800215D74 /* Комментарии.swift */ = {isa = PBXFileReference; lastKnownFileType = sourcecode.swift; path = "Комментарии.swift"; sourceTree = "<group>"; };
		87333AD92CBD4D1900215D74 /* NothingFoundCell.xib */ = {isa = PBXFileReference; lastKnownFileType = file.xib; path = NothingFoundCell.xib; sourceTree = "<group>"; };
		87333ADE2CBD510900215D74 /* RadioStation.swift */ = {isa = PBXFileReference; lastKnownFileType = sourcecode.swift; path = RadioStation.swift; sourceTree = "<group>"; };
		87333AE32CBD52DD00215D74 /* UIImageView+Download.swift */ = {isa = PBXFileReference; lastKnownFileType = sourcecode.swift; path = "UIImageView+Download.swift"; sourceTree = "<group>"; };
		87333AE72CBD641C00215D74 /* StationTableViewCell.swift */ = {isa = PBXFileReference; lastKnownFileType = sourcecode.swift; name = StationTableViewCell.swift; path = "LoadingDataIntoATableFromYourOwnSite/UI Helpers/StationTableViewCell.swift"; sourceTree = SOURCE_ROOT; };
		8755BCB52CC27F2D0022C1E6 /* DataManager.swift */ = {isa = PBXFileReference; lastKnownFileType = sourcecode.swift; path = DataManager.swift; sourceTree = "<group>"; };
/* End PBXFileReference section */

/* Begin PBXFrameworksBuildPhase section */
		87333AAF2CBD32C200215D74 /* Frameworks */ = {
			isa = PBXFrameworksBuildPhase;
			buildActionMask = 2147483647;
			files = (
			);
			runOnlyForDeploymentPostprocessing = 0;
		};
/* End PBXFrameworksBuildPhase section */

/* Begin PBXGroup section */
		87333AA92CBD32C100215D74 = {
			isa = PBXGroup;
			children = (
				87333AB42CBD32C200215D74 /* LoadingDataIntoATableFromYourOwnSite */,
				87333AB32CBD32C200215D74 /* Products */,
			);
			sourceTree = "<group>";
		};
		87333AB32CBD32C200215D74 /* Products */ = {
			isa = PBXGroup;
			children = (
				87333AB22CBD32C200215D74 /* LoadingDataIntoATableFromYourOwnSite.app */,
			);
			name = Products;
			sourceTree = "<group>";
		};
		87333AB42CBD32C200215D74 /* LoadingDataIntoATableFromYourOwnSite */ = {
			isa = PBXGroup;
			children = (
				8755BCBE2CC28D150022C1E6 /* Supporting Files */,
				87333AE12CBD516F00215D74 /* Model */,
				8755BCBC2CC28CF50022C1E6 /* View */,
				8755BCBA2CC28CE00022C1E6 /* Controller */,
				8755BCB82CC27F6F0022C1E6 /* Networking */,
				87333AE62CBD636400215D74 /* UI Helpers */,
				87333ABE2CBD32E400215D74 /* Assets.xcassets */,
				87333AC32CBD32E400215D74 /* Info.plist */,
				87333AD02CBD35F800215D74 /* Комментарии.swift */,
			);
			path = LoadingDataIntoATableFromYourOwnSite;
			sourceTree = "<group>";
		};
		87333ADC2CBD4F8D00215D74 /* Cells */ = {
			isa = PBXGroup;
			children = (
				87333AE72CBD641C00215D74 /* StationTableViewCell.swift */,
				87333AD92CBD4D1900215D74 /* NothingFoundCell.xib */,
			);
			path = Cells;
			sourceTree = "<group>";
		};
		87333AE12CBD516F00215D74 /* Model */ = {
			isa = PBXGroup;
			children = (
				87333ADE2CBD510900215D74 /* RadioStation.swift */,
			);
			path = Model;
			sourceTree = "<group>";
		};
		87333AE62CBD636400215D74 /* UI Helpers */ = {
			isa = PBXGroup;
			children = (
				87333AE32CBD52DD00215D74 /* UIImageView+Download.swift */,
			);
			path = "UI Helpers";
			sourceTree = "<group>";
		};
		8755BCB82CC27F6F0022C1E6 /* Networking */ = {
			isa = PBXGroup;
			children = (
				8755BCB52CC27F2D0022C1E6 /* DataManager.swift */,
			);
			path = Networking;
			sourceTree = "<group>";
		};
		8755BCBA2CC28CE00022C1E6 /* Controller */ = {
			isa = PBXGroup;
			children = (
				87333AB92CBD32C200215D74 /* ViewController.swift */,
			);
			path = Controller;
			sourceTree = "<group>";
		};
		8755BCBC2CC28CF50022C1E6 /* View */ = {
			isa = PBXGroup;
			children = (
				87333ABB2CBD32C200215D74 /* Main.storyboard */,
				87333ADC2CBD4F8D00215D74 /* Cells */,
			);
			path = View;
			sourceTree = "<group>";
		};
		8755BCBE2CC28D150022C1E6 /* Supporting Files */ = {
			isa = PBXGroup;
			children = (
				87333AB52CBD32C200215D74 /* AppDelegate.swift */,
				87333AB72CBD32C200215D74 /* SceneDelegate.swift */,
				87333AC02CBD32E400215D74 /* LaunchScreen.storyboard */,
			);
			path = "Supporting Files";
			sourceTree = "<group>";
		};
/* End PBXGroup section */

/* Begin PBXNativeTarget section */
		87333AB12CBD32C200215D74 /* LoadingDataIntoATableFromYourOwnSite */ = {
			isa = PBXNativeTarget;
			buildConfigurationList = 87333AC62CBD32E400215D74 /* Build configuration list for PBXNativeTarget "LoadingDataIntoATableFromYourOwnSite" */;
			buildPhases = (
				87333AAE2CBD32C200215D74 /* Sources */,
				87333AAF2CBD32C200215D74 /* Frameworks */,
				87333AB02CBD32C200215D74 /* Resources */,
			);
			buildRules = (
			);
			dependencies = (
			);
			name = LoadingDataIntoATableFromYourOwnSite;
			productName = LoadingDataIntoATableFromYourOwnSite;
			productReference = 87333AB22CBD32C200215D74 /* LoadingDataIntoATableFromYourOwnSite.app */;
			productType = "com.apple.product-type.application";
		};
/* End PBXNativeTarget section */

/* Begin PBXProject section */
		87333AAA2CBD32C100215D74 /* Project object */ = {
			isa = PBXProject;
			attributes = {
				LastSwiftUpdateCheck = 1240;
				LastUpgradeCheck = 1240;
				TargetAttributes = {
					87333AB12CBD32C200215D74 = {
						CreatedOnToolsVersion = 12.4;
					};
				};
			};
			buildConfigurationList = 87333AAD2CBD32C100215D74 /* Build configuration list for PBXProject "LoadingDataIntoATableFromYourOwnSite" */;
			compatibilityVersion = "Xcode 9.3";
			developmentRegion = en;
			hasScannedForEncodings = 0;
			knownRegions = (
				en,
				Base,
			);
			mainGroup = 87333AA92CBD32C100215D74;
			productRefGroup = 87333AB32CBD32C200215D74 /* Products */;
			projectDirPath = "";
			projectRoot = "";
			targets = (
				87333AB12CBD32C200215D74 /* LoadingDataIntoATableFromYourOwnSite */,
			);
		};
/* End PBXProject section */

/* Begin PBXResourcesBuildPhase section */
		87333AB02CBD32C200215D74 /* Resources */ = {
			isa = PBXResourcesBuildPhase;
			buildActionMask = 2147483647;
			files = (
				87333ADA2CBD4D1900215D74 /* NothingFoundCell.xib in Resources */,
				87333AC22CBD32E400215D74 /* LaunchScreen.storyboard in Resources */,
				87333ABF2CBD32E400215D74 /* Assets.xcassets in Resources */,
				87333ABD2CBD32C200215D74 /* Main.storyboard in Resources */,
			);
			runOnlyForDeploymentPostprocessing = 0;
		};
/* End PBXResourcesBuildPhase section */

/* Begin PBXSourcesBuildPhase section */
		87333AAE2CBD32C200215D74 /* Sources */ = {
			isa = PBXSourcesBuildPhase;
			buildActionMask = 2147483647;
			files = (
				87333AE42CBD52DD00215D74 /* UIImageView+Download.swift in Sources */,
				87333AD12CBD35F800215D74 /* Комментарии.swift in Sources */,
				87333ABA2CBD32C200215D74 /* ViewController.swift in Sources */,
				87333AE82CBD641C00215D74 /* StationTableViewCell.swift in Sources */,
				87333AB62CBD32C200215D74 /* AppDelegate.swift in Sources */,
				87333ADF2CBD510900215D74 /* RadioStation.swift in Sources */,
				87333AB82CBD32C200215D74 /* SceneDelegate.swift in Sources */,
				8755BCB62CC27F2D0022C1E6 /* DataManager.swift in Sources */,
			);
			runOnlyForDeploymentPostprocessing = 0;
		};
/* End PBXSourcesBuildPhase section */

/* Begin PBXVariantGroup section */
		87333ABB2CBD32C200215D74 /* Main.storyboard */ = {
			isa = PBXVariantGroup;
			children = (
				87333ABC2CBD32C200215D74 /* Base */,
			);
			name = Main.storyboard;
			sourceTree = "<group>";
		};
		87333AC02CBD32E400215D74 /* LaunchScreen.storyboard */ = {
			isa = PBXVariantGroup;
			children = (
				87333AC12CBD32E400215D74 /* Base */,
			);
			name = LaunchScreen.storyboard;
			sourceTree = "<group>";
		};
/* End PBXVariantGroup section */

/* Begin XCBuildConfiguration section */
		87333AC42CBD32E400215D74 /* Debug */ = {
			isa = XCBuildConfiguration;
			buildSettings = {
				ALWAYS_SEARCH_USER_PATHS = NO;
				CLANG_ANALYZER_NONNULL = YES;
				CLANG_ANALYZER_NUMBER_OBJECT_CONVERSION = YES_AGGRESSIVE;
				CLANG_CXX_LANGUAGE_STANDARD = "gnu++14";
				CLANG_CXX_LIBRARY = "libc++";
				CLANG_ENABLE_MODULES = YES;
				CLANG_ENABLE_OBJC_ARC = YES;
				CLANG_ENABLE_OBJC_WEAK = YES;
				CLANG_WARN_BLOCK_CAPTURE_AUTORELEASING = YES;
				CLANG_WARN_BOOL_CONVERSION = YES;
				CLANG_WARN_COMMA = YES;
				CLANG_WARN_CONSTANT_CONVERSION = YES;
				CLANG_WARN_DEPRECATED_OBJC_IMPLEMENTATIONS = YES;
				CLANG_WARN_DIRECT_OBJC_ISA_USAGE = YES_ERROR;
				CLANG_WARN_DOCUMENTATION_COMMENTS = YES;
				CLANG_WARN_EMPTY_BODY = YES;
				CLANG_WARN_ENUM_CONVERSION = YES;
				CLANG_WARN_INFINITE_RECURSION = YES;
				CLANG_WARN_INT_CONVERSION = YES;
				CLANG_WARN_NON_LITERAL_NULL_CONVERSION = YES;
				CLANG_WARN_OBJC_IMPLICIT_RETAIN_SELF = YES;
				CLANG_WARN_OBJC_LITERAL_CONVERSION = YES;
				CLANG_WARN_OBJC_ROOT_CLASS = YES_ERROR;
				CLANG_WARN_QUOTED_INCLUDE_IN_FRAMEWORK_HEADER = YES;
				CLANG_WARN_RANGE_LOOP_ANALYSIS = YES;
				CLANG_WARN_STRICT_PROTOTYPES = YES;
				CLANG_WARN_SUSPICIOUS_MOVE = YES;
				CLANG_WARN_UNGUARDED_AVAILABILITY = YES_AGGRESSIVE;
				CLANG_WARN_UNREACHABLE_CODE = YES;
				CLANG_WARN__DUPLICATE_METHOD_MATCH = YES;
				COPY_PHASE_STRIP = NO;
				DEBUG_INFORMATION_FORMAT = dwarf;
				ENABLE_STRICT_OBJC_MSGSEND = YES;
				ENABLE_TESTABILITY = YES;
				GCC_C_LANGUAGE_STANDARD = gnu11;
				GCC_DYNAMIC_NO_PIC = NO;
				GCC_NO_COMMON_BLOCKS = YES;
				GCC_OPTIMIZATION_LEVEL = 0;
				GCC_PREPROCESSOR_DEFINITIONS = (
					"DEBUG=1",
					"$(inherited)",
				);
				GCC_WARN_64_TO_32_BIT_CONVERSION = YES;
				GCC_WARN_ABOUT_RETURN_TYPE = YES_ERROR;
				GCC_WARN_UNDECLARED_SELECTOR = YES;
				GCC_WARN_UNINITIALIZED_AUTOS = YES_AGGRESSIVE;
				GCC_WARN_UNUSED_FUNCTION = YES;
				GCC_WARN_UNUSED_VARIABLE = YES;
				IPHONEOS_DEPLOYMENT_TARGET = 14.4;
				MTL_ENABLE_DEBUG_INFO = INCLUDE_SOURCE;
				MTL_FAST_MATH = YES;
				ONLY_ACTIVE_ARCH = YES;
				SDKROOT = iphoneos;
				SWIFT_ACTIVE_COMPILATION_CONDITIONS = DEBUG;
				SWIFT_OPTIMIZATION_LEVEL = "-Onone";
			};
			name = Debug;
		};
		87333AC52CBD32E400215D74 /* Release */ = {
			isa = XCBuildConfiguration;
			buildSettings = {
				ALWAYS_SEARCH_USER_PATHS = NO;
				CLANG_ANALYZER_NONNULL = YES;
				CLANG_ANALYZER_NUMBER_OBJECT_CONVERSION = YES_AGGRESSIVE;
				CLANG_CXX_LANGUAGE_STANDARD = "gnu++14";
				CLANG_CXX_LIBRARY = "libc++";
				CLANG_ENABLE_MODULES = YES;
				CLANG_ENABLE_OBJC_ARC = YES;
				CLANG_ENABLE_OBJC_WEAK = YES;
				CLANG_WARN_BLOCK_CAPTURE_AUTORELEASING = YES;
				CLANG_WARN_BOOL_CONVERSION = YES;
				CLANG_WARN_COMMA = YES;
				CLANG_WARN_CONSTANT_CONVERSION = YES;
				CLANG_WARN_DEPRECATED_OBJC_IMPLEMENTATIONS = YES;
				CLANG_WARN_DIRECT_OBJC_ISA_USAGE = YES_ERROR;
				CLANG_WARN_DOCUMENTATION_COMMENTS = YES;
				CLANG_WARN_EMPTY_BODY = YES;
				CLANG_WARN_ENUM_CONVERSION = YES;
				CLANG_WARN_INFINITE_RECURSION = YES;
				CLANG_WARN_INT_CONVERSION = YES;
				CLANG_WARN_NON_LITERAL_NULL_CONVERSION = YES;
				CLANG_WARN_OBJC_IMPLICIT_RETAIN_SELF = YES;
				CLANG_WARN_OBJC_LITERAL_CONVERSION = YES;
				CLANG_WARN_OBJC_ROOT_CLASS = YES_ERROR;
				CLANG_WARN_QUOTED_INCLUDE_IN_FRAMEWORK_HEADER = YES;
				CLANG_WARN_RANGE_LOOP_ANALYSIS = YES;
				CLANG_WARN_STRICT_PROTOTYPES = YES;
				CLANG_WARN_SUSPICIOUS_MOVE = YES;
				CLANG_WARN_UNGUARDED_AVAILABILITY = YES_AGGRESSIVE;
				CLANG_WARN_UNREACHABLE_CODE = YES;
				CLANG_WARN__DUPLICATE_METHOD_MATCH = YES;
				COPY_PHASE_STRIP = NO;
				DEBUG_INFORMATION_FORMAT = "dwarf-with-dsym";
				ENABLE_NS_ASSERTIONS = NO;
				ENABLE_STRICT_OBJC_MSGSEND = YES;
				GCC_C_LANGUAGE_STANDARD = gnu11;
				GCC_NO_COMMON_BLOCKS = YES;
				GCC_WARN_64_TO_32_BIT_CONVERSION = YES;
				GCC_WARN_ABOUT_RETURN_TYPE = YES_ERROR;
				GCC_WARN_UNDECLARED_SELECTOR = YES;
				GCC_WARN_UNINITIALIZED_AUTOS = YES_AGGRESSIVE;
				GCC_WARN_UNUSED_FUNCTION = YES;
				GCC_WARN_UNUSED_VARIABLE = YES;
				IPHONEOS_DEPLOYMENT_TARGET = 14.4;
				MTL_ENABLE_DEBUG_INFO = NO;
				MTL_FAST_MATH = YES;
				SDKROOT = iphoneos;
				SWIFT_COMPILATION_MODE = wholemodule;
				SWIFT_OPTIMIZATION_LEVEL = "-O";
				VALIDATE_PRODUCT = YES;
			};
			name = Release;
		};
		87333AC72CBD32E400215D74 /* Debug */ = {
			isa = XCBuildConfiguration;
			buildSettings = {
				ASSETCATALOG_COMPILER_APPICON_NAME = AppIcon;
				ASSETCATALOG_COMPILER_GLOBAL_ACCENT_COLOR_NAME = AccentColor;
				CODE_SIGN_STYLE = Automatic;
				DEVELOPMENT_TEAM = XB6Q6JT28U;
				INFOPLIST_FILE = LoadingDataIntoATableFromYourOwnSite/Info.plist;
				IPHONEOS_DEPLOYMENT_TARGET = 13.4;
				LD_RUNPATH_SEARCH_PATHS = (
					"$(inherited)",
					"@executable_path/Frameworks",
				);
				PRODUCT_BUNDLE_IDENTIFIER = dom.LoadingDataIntoATableFromYourOwnSite;
				PRODUCT_NAME = "$(TARGET_NAME)";
				SWIFT_VERSION = 5.0;
				TARGETED_DEVICE_FAMILY = "1,2";
			};
			name = Debug;
		};
		87333AC82CBD32E400215D74 /* Release */ = {
			isa = XCBuildConfiguration;
			buildSettings = {
				ASSETCATALOG_COMPILER_APPICON_NAME = AppIcon;
				ASSETCATALOG_COMPILER_GLOBAL_ACCENT_COLOR_NAME = AccentColor;
				CODE_SIGN_STYLE = Automatic;
				DEVELOPMENT_TEAM = XB6Q6JT28U;
				INFOPLIST_FILE = LoadingDataIntoATableFromYourOwnSite/Info.plist;
				IPHONEOS_DEPLOYMENT_TARGET = 13.4;
				LD_RUNPATH_SEARCH_PATHS = (
					"$(inherited)",
					"@executable_path/Frameworks",
				);
				PRODUCT_BUNDLE_IDENTIFIER = dom.LoadingDataIntoATableFromYourOwnSite;
				PRODUCT_NAME = "$(TARGET_NAME)";
				SWIFT_VERSION = 5.0;
				TARGETED_DEVICE_FAMILY = "1,2";
			};
			name = Release;
		};
/* End XCBuildConfiguration section */

/* Begin XCConfigurationList section */
		87333AAD2CBD32C100215D74 /* Build configuration list for PBXProject "LoadingDataIntoATableFromYourOwnSite" */ = {
			isa = XCConfigurationList;
			buildConfigurations = (
				87333AC42CBD32E400215D74 /* Debug */,
				87333AC52CBD32E400215D74 /* Release */,
			);
			defaultConfigurationIsVisible = 0;
			defaultConfigurationName = Release;
		};
		87333AC62CBD32E400215D74 /* Build configuration list for PBXNativeTarget "LoadingDataIntoATableFromYourOwnSite" */ = {
			isa = XCConfigurationList;
			buildConfigurations = (
				87333AC72CBD32E400215D74 /* Debug */,
				87333AC82CBD32E400215D74 /* Release */,
			);
			defaultConfigurationIsVisible = 0;
			defaultConfigurationName = Release;
		};
/* End XCConfigurationList section */
	};
	rootObject = 87333AAA2CBD32C100215D74 /* Project object */;
}
